// !$*UTF8*$!
{
	archiveVersion = 1;
	classes = {
	};
	objectVersion = 77;
	objects = {

/* Begin PBXBuildFile section */
		38D829452F32110C002465C2 /* Blockex Extension.appex in Embed Foundation Extensions */ = {isa = PBXBuildFile; fileRef = 38D829442F32110C002465C2 /* Blockex Extension.appex */; settings = {ATTRIBUTES = (RemoveHeadersOnCopy, ); }; };
/* End PBXBuildFile section */

/* Begin PBXContainerItemProxy section */
		38D8292F2F32110C002465C2 /* PBXContainerItemProxy */ = {
			isa = PBXContainerItemProxy;
			containerPortal = 38D829092F32110B002465C2 /* Project object */;
			proxyType = 1;
			remoteGlobalIDString = 38D829102F32110B002465C2;
			remoteInfo = Blockex;
		};
		38D829392F32110C002465C2 /* PBXContainerItemProxy */ = {
			isa = PBXContainerItemProxy;
			containerPortal = 38D829092F32110B002465C2 /* Project object */;
			proxyType = 1;
			remoteGlobalIDString = 38D829102F32110B002465C2;
			remoteInfo = Blockex;
		};
		38D829462F32110C002465C2 /* PBXContainerItemProxy */ = {
			isa = PBXContainerItemProxy;
			containerPortal = 38D829092F32110B002465C2 /* Project object */;
			proxyType = 1;
			remoteGlobalIDString = 38D829432F32110C002465C2;
			remoteInfo = "Blockex Extension";
		};
/* End PBXContainerItemProxy section */

/* Begin PBXCopyFilesBuildPhase section */
		38D829632F32110C002465C2 /* Embed Foundation Extensions */ = {
			isa = PBXCopyFilesBuildPhase;
			buildActionMask = 2147483647;
			dstPath = "";
			dstSubfolderSpec = 13;
			files = (
				38D829452F32110C002465C2 /* Blockex Extension.appex in Embed Foundation Extensions */,
			);
			name = "Embed Foundation Extensions";
			runOnlyForDeploymentPostprocessing = 0;
		};
/* End PBXCopyFilesBuildPhase section */

/* Begin PBXFileReference section */
		38D829112F32110B002465C2 /* Blockex.app */ = {isa = PBXFileReference; explicitFileType = wrapper.application; includeInIndex = 0; path = Blockex.app; sourceTree = BUILT_PRODUCTS_DIR; };
		38D8292E2F32110C002465C2 /* BlockexTests.xctest */ = {isa = PBXFileReference; explicitFileType = wrapper.cfbundle; includeInIndex = 0; path = BlockexTests.xctest; sourceTree = BUILT_PRODUCTS_DIR; };
		38D829382F32110C002465C2 /* BlockexUITests.xctest */ = {isa = PBXFileReference; explicitFileType = wrapper.cfbundle; includeInIndex = 0; path = BlockexUITests.xctest; sourceTree = BUILT_PRODUCTS_DIR; };
		38D829442F32110C002465C2 /* Blockex Extension.appex */ = {isa = PBXFileReference; explicitFileType = "wrapper.app-extension"; includeInIndex = 0; path = "Blockex Extension.appex"; sourceTree = BUILT_PRODUCTS_DIR; };
/* End PBXFileReference section */

/* Begin PBXFileSystemSynchronizedBuildFileExceptionSet section */
		38D8295E2F32110C002465C2 /* Exceptions for "Blockex" folder in "Blockex" target */ = {
			isa = PBXFileSystemSynchronizedBuildFileExceptionSet;
			membershipExceptions = (
				Info.plist,
			);
			target = 38D829102F32110B002465C2 /* Blockex */;
		};
		38D829622F32110C002465C2 /* Exceptions for "Blockex Extension" folder in "Blockex Extension" target */ = {
			isa = PBXFileSystemSynchronizedBuildFileExceptionSet;
			membershipExceptions = (
				Info.plist,
			);
			target = 38D829432F32110C002465C2 /* Blockex Extension */;
		};
/* End PBXFileSystemSynchronizedBuildFileExceptionSet section */

/* Begin PBXFileSystemSynchronizedRootGroup section */
		38D829132F32110B002465C2 /* Blockex */ = {
			isa = PBXFileSystemSynchronizedRootGroup;
			exceptions = (
				38D8295E2F32110C002465C2 /* Exceptions for "Blockex" folder in "Blockex" target */,
			);
			path = Blockex;
			sourceTree = "<group>";
		};
		38D829312F32110C002465C2 /* BlockexTests */ = {
			isa = PBXFileSystemSynchronizedRootGroup;
			path = BlockexTests;
			sourceTree = "<group>";
		};
		38D8293B2F32110C002465C2 /* BlockexUITests */ = {
			isa = PBXFileSystemSynchronizedRootGroup;
			path = BlockexUITests;
			sourceTree = "<group>";
		};
		38D829482F32110C002465C2 /* Blockex Extension */ = {
			isa = PBXFileSystemSynchronizedRootGroup;
			exceptions = (
				38D829622F32110C002465C2 /* Exceptions for "Blockex Extension" folder in "Blockex Extension" target */,
			);
			explicitFolders = (
				Resources/_locales,
				Resources/images,
			);
			path = "Blockex Extension";
			sourceTree = "<group>";
		};
/* End PBXFileSystemSynchronizedRootGroup section */

/* Begin PBXFrameworksBuildPhase section */
		38D8290E2F32110B002465C2 /* Frameworks */ = {
			isa = PBXFrameworksBuildPhase;
			buildActionMask = 2147483647;
			files = (
			);
			runOnlyForDeploymentPostprocessing = 0;
		};
		38D8292B2F32110C002465C2 /* Frameworks */ = {
			isa = PBXFrameworksBuildPhase;
			buildActionMask = 2147483647;
			files = (
			);
			runOnlyForDeploymentPostprocessing = 0;
		};
		38D829352F32110C002465C2 /* Frameworks */ = {
			isa = PBXFrameworksBuildPhase;
			buildActionMask = 2147483647;
			files = (
			);
			runOnlyForDeploymentPostprocessing = 0;
		};
		38D829412F32110C002465C2 /* Frameworks */ = {
			isa = PBXFrameworksBuildPhase;
			buildActionMask = 2147483647;
			files = (
			);
			runOnlyForDeploymentPostprocessing = 0;
		};
/* End PBXFrameworksBuildPhase section */

/* Begin PBXGroup section */
		38D829082F32110B002465C2 = {
			isa = PBXGroup;
			children = (
				38D829132F32110B002465C2 /* Blockex */,
				38D829312F32110C002465C2 /* BlockexTests */,
				38D8293B2F32110C002465C2 /* BlockexUITests */,
				38D829482F32110C002465C2 /* Blockex Extension */,
				38D829122F32110B002465C2 /* Products */,
			);
			sourceTree = "<group>";
		};
		38D829122F32110B002465C2 /* Products */ = {
			isa = PBXGroup;
			children = (
				38D829112F32110B002465C2 /* Blockex.app */,
				38D8292E2F32110C002465C2 /* BlockexTests.xctest */,
				38D829382F32110C002465C2 /* BlockexUITests.xctest */,
				38D829442F32110C002465C2 /* Blockex Extension.appex */,
			);
			name = Products;
			sourceTree = "<group>";
		};
/* End PBXGroup section */

/* Begin PBXNativeTarget section */
		38D829102F32110B002465C2 /* Blockex */ = {
			isa = PBXNativeTarget;
			buildConfigurationList = 38D829642F32110C002465C2 /* Build configuration list for PBXNativeTarget "Blockex" */;
			buildPhases = (
				38D8290D2F32110B002465C2 /* Sources */,
				38D8290E2F32110B002465C2 /* Frameworks */,
				38D8290F2F32110B002465C2 /* Resources */,
				38D829632F32110C002465C2 /* Embed Foundation Extensions */,
			);
			buildRules = (
			);
			dependencies = (
				38D829472F32110C002465C2 /* PBXTargetDependency */,
			);
			fileSystemSynchronizedGroups = (
				38D829132F32110B002465C2 /* Blockex */,
			);
			name = Blockex;
			packageProductDependencies = (
			);
			productName = Blockex;
			productReference = 38D829112F32110B002465C2 /* Blockex.app */;
			productType = "com.apple.product-type.application";
		};
		38D8292D2F32110C002465C2 /* BlockexTests */ = {
			isa = PBXNativeTarget;
			buildConfigurationList = 38D829692F32110C002465C2 /* Build configuration list for PBXNativeTarget "BlockexTests" */;
			buildPhases = (
				38D8292A2F32110C002465C2 /* Sources */,
				38D8292B2F32110C002465C2 /* Frameworks */,
				38D8292C2F32110C002465C2 /* Resources */,
			);
			buildRules = (
			);
			dependencies = (
				38D829302F32110C002465C2 /* PBXTargetDependency */,
			);
			fileSystemSynchronizedGroups = (
				38D829312F32110C002465C2 /* BlockexTests */,
			);
			name = BlockexTests;
			packageProductDependencies = (
			);
			productName = BlockexTests;
			productReference = 38D8292E2F32110C002465C2 /* BlockexTests.xctest */;
			productType = "com.apple.product-type.bundle.unit-test";
		};
		38D829372F32110C002465C2 /* BlockexUITests */ = {
			isa = PBXNativeTarget;
			buildConfigurationList = 38D8296C2F32110C002465C2 /* Build configuration list for PBXNativeTarget "BlockexUITests" */;
			buildPhases = (
				38D829342F32110C002465C2 /* Sources */,
				38D829352F32110C002465C2 /* Frameworks */,
				38D829362F32110C002465C2 /* Resources */,
			);
			buildRules = (
			);
			dependencies = (
				38D8293A2F32110C002465C2 /* PBXTargetDependency */,
			);
			fileSystemSynchronizedGroups = (
				38D8293B2F32110C002465C2 /* BlockexUITests */,
			);
			name = BlockexUITests;
			packageProductDependencies = (
			);
			productName = BlockexUITests;
			productReference = 38D829382F32110C002465C2 /* BlockexUITests.xctest */;
			productType = "com.apple.product-type.bundle.ui-testing";
		};
		38D829432F32110C002465C2 /* Blockex Extension */ = {
			isa = PBXNativeTarget;
			buildConfigurationList = 38D8295F2F32110C002465C2 /* Build configuration list for PBXNativeTarget "Blockex Extension" */;
			buildPhases = (
				38D829402F32110C002465C2 /* Sources */,
				38D829412F32110C002465C2 /* Frameworks */,
				38D829422F32110C002465C2 /* Resources */,
			);
			buildRules = (
			);
			dependencies = (
			);
			fileSystemSynchronizedGroups = (
				38D829482F32110C002465C2 /* Blockex Extension */,
			);
			name = "Blockex Extension";
			packageProductDependencies = (
			);
			productName = "Blockex Extension";
			productReference = 38D829442F32110C002465C2 /* Blockex Extension.appex */;
			productType = "com.apple.product-type.app-extension";
		};
/* End PBXNativeTarget section */

/* Begin PBXProject section */
		38D829092F32110B002465C2 /* Project object */ = {
			isa = PBXProject;
			attributes = {
				BuildIndependentTargetsInParallel = 1;
				LastSwiftUpdateCheck = 2620;
				LastUpgradeCheck = 2620;
				TargetAttributes = {
					38D829102F32110B002465C2 = {
						CreatedOnToolsVersion = 26.2;
					};
					38D8292D2F32110C002465C2 = {
						CreatedOnToolsVersion = 26.2;
						TestTargetID = 38D829102F32110B002465C2;
					};
					38D829372F32110C002465C2 = {
						CreatedOnToolsVersion = 26.2;
						TestTargetID = 38D829102F32110B002465C2;
					};
					38D829432F32110C002465C2 = {
						CreatedOnToolsVersion = 26.2;
					};
				};
			};
			buildConfigurationList = 38D8290C2F32110B002465C2 /* Build configuration list for PBXProject "Blockex" */;
			developmentRegion = en;
			hasScannedForEncodings = 0;
			knownRegions = (
				en,
				Base,
			);
			mainGroup = 38D829082F32110B002465C2;
			minimizedProjectReferenceProxies = 1;
			preferredProjectObjectVersion = 77;
			productRefGroup = 38D829122F32110B002465C2 /* Products */;
			projectDirPath = "";
			projectRoot = "";
			targets = (
				38D829102F32110B002465C2 /* Blockex */,
				38D8292D2F32110C002465C2 /* BlockexTests */,
				38D829372F32110C002465C2 /* BlockexUITests */,
				38D829432F32110C002465C2 /* Blockex Extension */,
			);
		};
/* End PBXProject section */

/* Begin PBXResourcesBuildPhase section */
		38D8290F2F32110B002465C2 /* Resources */ = {
			isa = PBXResourcesBuildPhase;
			buildActionMask = 2147483647;
			files = (
			);
			runOnlyForDeploymentPostprocessing = 0;
		};
		38D8292C2F32110C002465C2 /* Resources */ = {
			isa = PBXResourcesBuildPhase;
			buildActionMask = 2147483647;
			files = (
			);
			runOnlyForDeploymentPostprocessing = 0;
		};
		38D829362F32110C002465C2 /* Resources */ = {
			isa = PBXResourcesBuildPhase;
			buildActionMask = 2147483647;
			files = (
			);
			runOnlyForDeploymentPostprocessing = 0;
		};
		38D829422F32110C002465C2 /* Resources */ = {
			isa = PBXResourcesBuildPhase;
			buildActionMask = 2147483647;
			files = (
			);
			runOnlyForDeploymentPostprocessing = 0;
		};
/* End PBXResourcesBuildPhase section */

/* Begin PBXSourcesBuildPhase section */
		38D8290D2F32110B002465C2 /* Sources */ = {
			isa = PBXSourcesBuildPhase;
			buildActionMask = 2147483647;
			files = (
			);
			runOnlyForDeploymentPostprocessing = 0;
		};
		38D8292A2F32110C002465C2 /* Sources */ = {
			isa = PBXSourcesBuildPhase;
			buildActionMask = 2147483647;
			files = (
			);
			runOnlyForDeploymentPostprocessing = 0;
		};
		38D829342F32110C002465C2 /* Sources */ = {
			isa = PBXSourcesBuildPhase;
			buildActionMask = 2147483647;
			files = (
			);
			runOnlyForDeploymentPostprocessing = 0;
		};
		38D829402F32110C002465C2 /* Sources */ = {
			isa = PBXSourcesBuildPhase;
			buildActionMask = 2147483647;
			files = (
			);
			runOnlyForDeploymentPostprocessing = 0;
		};
/* End PBXSourcesBuildPhase section */

/* Begin PBXTargetDependency section */
		38D829302F32110C002465C2 /* PBXTargetDependency */ = {
			isa = PBXTargetDependency;
			target = 38D829102F32110B002465C2 /* Blockex */;
			targetProxy = 38D8292F2F32110C002465C2 /* PBXContainerItemProxy */;
		};
		38D8293A2F32110C002465C2 /* PBXTargetDependency */ = {
			isa = PBXTargetDependency;
			target = 38D829102F32110B002465C2 /* Blockex */;
			targetProxy = 38D829392F32110C002465C2 /* PBXContainerItemProxy */;
		};
		38D829472F32110C002465C2 /* PBXTargetDependency */ = {
			isa = PBXTargetDependency;
			target = 38D829432F32110C002465C2 /* Blockex Extension */;
			targetProxy = 38D829462F32110C002465C2 /* PBXContainerItemProxy */;
		};
/* End PBXTargetDependency section */

/* Begin XCBuildConfiguration section */
		38D829602F32110C002465C2 /* Debug */ = {
			isa = XCBuildConfiguration;
			buildSettings = {
				CODE_SIGN_STYLE = Automatic;
				CURRENT_PROJECT_VERSION = 1;
				DEVELOPMENT_TEAM = HMZ8D6S68M;
				GENERATE_INFOPLIST_FILE = YES;
				INFOPLIST_FILE = "Blockex Extension/Info.plist";
				INFOPLIST_KEY_CFBundleDisplayName = "Blockex Extension";
				INFOPLIST_KEY_NSHumanReadableCopyright = "";
				IPHONEOS_DEPLOYMENT_TARGET = 15.0;
				LD_RUNPATH_SEARCH_PATHS = (
					"$(inherited)",
					"@executable_path/Frameworks",
					"@executable_path/../../Frameworks",
				);
				MARKETING_VERSION = 1.0;
				OTHER_LDFLAGS = (
					"-framework",
					SafariServices,
				);
				PRODUCT_BUNDLE_IDENTIFIER = com.mehul.papacodes.Blockex.Extension;
				PRODUCT_NAME = "$(TARGET_NAME)";
				SKIP_INSTALL = YES;
				STRING_CATALOG_GENERATE_SYMBOLS = YES;
				SWIFT_APPROACHABLE_CONCURRENCY = YES;
				SWIFT_EMIT_LOC_STRINGS = YES;
				SWIFT_UPCOMING_FEATURE_MEMBER_IMPORT_VISIBILITY = YES;
				SWIFT_VERSION = 5.0;
				TARGETED_DEVICE_FAMILY = "1,2";
			};
			name = Debug;
		};
		38D829612F32110C002465C2 /* Release */ = {
			isa = XCBuildConfiguration;
			buildSettings = {
				CODE_SIGN_STYLE = Automatic;
				CURRENT_PROJECT_VERSION = 1;
				DEVELOPMENT_TEAM = HMZ8D6S68M;
				GENERATE_INFOPLIST_FILE = YES;
				INFOPLIST_FILE = "Blockex Extension/Info.plist";
				INFOPLIST_KEY_CFBundleDisplayName = "Blockex Extension";
				INFOPLIST_KEY_NSHumanReadableCopyright = "";
				IPHONEOS_DEPLOYMENT_TARGET = 15.0;
				LD_RUNPATH_SEARCH_PATHS = (
					"$(inherited)",
					"@executable_path/Frameworks",
					"@executable_path/../../Frameworks",
				);
				MARKETING_VERSION = 1.0;
				OTHER_LDFLAGS = (
					"-framework",
					SafariServices,
				);
				PRODUCT_BUNDLE_IDENTIFIER = com.mehul.papacodes.Blockex.Extension;
				PRODUCT_NAME = "$(TARGET_NAME)";
				SKIP_INSTALL = YES;
				STRING_CATALOG_GENERATE_SYMBOLS = YES;
				SWIFT_APPROACHABLE_CONCURRENCY = YES;
				SWIFT_EMIT_LOC_STRINGS = YES;
				SWIFT_UPCOMING_FEATURE_MEMBER_IMPORT_VISIBILITY = YES;
				SWIFT_VERSION = 5.0;
				TARGETED_DEVICE_FAMILY = "1,2";
			};
			name = Release;
		};
		38D829652F32110C002465C2 /* Debug */ = {
			isa = XCBuildConfiguration;
			buildSettings = {
				ASSETCATALOG_COMPILER_APPICON_NAME = AppIcon;
				ASSETCATALOG_COMPILER_GLOBAL_ACCENT_COLOR_NAME = AccentColor;
				CODE_SIGN_STYLE = Automatic;
				CURRENT_PROJECT_VERSION = 1;
				DEVELOPMENT_TEAM = HMZ8D6S68M;
				GENERATE_INFOPLIST_FILE = YES;
				INFOPLIST_FILE = Blockex/Info.plist;
				INFOPLIST_KEY_CFBundleDisplayName = Blockex;
				INFOPLIST_KEY_UIApplicationSupportsIndirectInputEvents = YES;
				INFOPLIST_KEY_UILaunchStoryboardName = LaunchScreen;
				INFOPLIST_KEY_UIMainStoryboardFile = Main;
				INFOPLIST_KEY_UISupportedInterfaceOrientations_iPad = "UIInterfaceOrientationPortrait UIInterfaceOrientationPortraitUpsideDown UIInterfaceOrientationLandscapeLeft UIInterfaceOrientationLandscapeRight";
				INFOPLIST_KEY_UISupportedInterfaceOrientations_iPhone = "UIInterfaceOrientationPortrait UIInterfaceOrientationLandscapeLeft UIInterfaceOrientationLandscapeRight";
				IPHONEOS_DEPLOYMENT_TARGET = 15.0;
				LD_RUNPATH_SEARCH_PATHS = (
					"$(inherited)",
					"@executable_path/Frameworks",
				);
				MARKETING_VERSION = 1.0;
				OTHER_LDFLAGS = (
					"-framework",
					SafariServices,
					"-framework",
					WebKit,
				);
				PRODUCT_BUNDLE_IDENTIFIER = com.mehul.papacodes.Blockex;
				PRODUCT_NAME = "$(TARGET_NAME)";
				STRING_CATALOG_GENERATE_SYMBOLS = YES;
				SWIFT_APPROACHABLE_CONCURRENCY = YES;
				SWIFT_DEFAULT_ACTOR_ISOLATION = MainActor;
				SWIFT_EMIT_LOC_STRINGS = YES;
				SWIFT_UPCOMING_FEATURE_MEMBER_IMPORT_VISIBILITY = YES;
				SWIFT_VERSION = 5.0;
				TARGETED_DEVICE_FAMILY = "1,2";
			};
			name = Debug;
		};
		38D829662F32110C002465C2 /* Release */ = {
			isa = XCBuildConfiguration;
			buildSettings = {
				ASSETCATALOG_COMPILER_APPICON_NAME = AppIcon;
				ASSETCATALOG_COMPILER_GLOBAL_ACCENT_COLOR_NAME = AccentColor;
				CODE_SIGN_STYLE = Automatic;
				CURRENT_PROJECT_VERSION = 1;
				DEVELOPMENT_TEAM = HMZ8D6S68M;
				GENERATE_INFOPLIST_FILE = YES;
				INFOPLIST_FILE = Blockex/Info.plist;
				INFOPLIST_KEY_CFBundleDisplayName = Blockex;
				INFOPLIST_KEY_UIApplicationSupportsIndirectInputEvents = YES;
				INFOPLIST_KEY_UILaunchStoryboardName = LaunchScreen;
				INFOPLIST_KEY_UIMainStoryboardFile = Main;
				INFOPLIST_KEY_UISupportedInterfaceOrientations_iPad = "UIInterfaceOrientationPortrait UIInterfaceOrientationPortraitUpsideDown UIInterfaceOrientationLandscapeLeft UIInterfaceOrientationLandscapeRight";
				INFOPLIST_KEY_UISupportedInterfaceOrientations_iPhone = "UIInterfaceOrientationPortrait UIInterfaceOrientationLandscapeLeft UIInterfaceOrientationLandscapeRight";
				IPHONEOS_DEPLOYMENT_TARGET = 15.0;
				LD_RUNPATH_SEARCH_PATHS = (
					"$(inherited)",
					"@executable_path/Frameworks",
				);
				MARKETING_VERSION = 1.0;
				OTHER_LDFLAGS = (
					"-framework",
					SafariServices,
					"-framework",
					WebKit,
				);
				PRODUCT_BUNDLE_IDENTIFIER = com.mehul.papacodes.Blockex;
				PRODUCT_NAME = "$(TARGET_NAME)";
				STRING_CATALOG_GENERATE_SYMBOLS = YES;
				SWIFT_APPROACHABLE_CONCURRENCY = YES;
				SWIFT_DEFAULT_ACTOR_ISOLATION = MainActor;
				SWIFT_EMIT_LOC_STRINGS = YES;
				SWIFT_UPCOMING_FEATURE_MEMBER_IMPORT_VISIBILITY = YES;
				SWIFT_VERSION = 5.0;
				TARGETED_DEVICE_FAMILY = "1,2";
			};
			name = Release;
		};
		38D829672F32110C002465C2 /* Debug */ = {
			isa = XCBuildConfiguration;
			buildSettings = {
				ALWAYS_SEARCH_USER_PATHS = NO;
				ASSETCATALOG_COMPILER_GENERATE_SWIFT_ASSET_SYMBOL_EXTENSIONS = YES;
				CLANG_ANALYZER_NONNULL = YES;
				CLANG_ANALYZER_NUMBER_OBJECT_CONVERSION = YES_AGGRESSIVE;
				CLANG_CXX_LANGUAGE_STANDARD = "gnu++20";
				CLANG_ENABLE_MODULES = YES;
				CLANG_ENABLE_OBJC_ARC = YES;
				CLANG_ENABLE_OBJC_WEAK = YES;
				CLANG_WARN_BLOCK_CAPTURE_AUTORELEASING = YES;
				CLANG_WARN_BOOL_CONVERSION = YES;
				CLANG_WARN_COMMA = YES;
				CLANG_WARN_CONSTANT_CONVERSION = YES;
				CLANG_WARN_DEPRECATED_OBJC_IMPLEMENTATIONS = YES;
				CLANG_WARN_DIRECT_OBJC_ISA_USAGE = YES_ERROR;
				CLANG_WARN_DOCUMENTATION_COMMENTS = YES;
				CLANG_WARN_EMPTY_BODY = YES;
				CLANG_WARN_ENUM_CONVERSION = YES;
				CLANG_WARN_INFINITE_RECURSION = YES;
				CLANG_WARN_INT_CONVERSION = YES;
				CLANG_WARN_NON_LITERAL_NULL_CONVERSION = YES;
				CLANG_WARN_OBJC_IMPLICIT_RETAIN_SELF = YES;
				CLANG_WARN_OBJC_LITERAL_CONVERSION = YES;
				CLANG_WARN_OBJC_ROOT_CLASS = YES_ERROR;
				CLANG_WARN_QUOTED_INCLUDE_IN_FRAMEWORK_HEADER = YES;
				CLANG_WARN_RANGE_LOOP_ANALYSIS = YES;
				CLANG_WARN_STRICT_PROTOTYPES = YES;
				CLANG_WARN_SUSPICIOUS_MOVE = YES;
				CLANG_WARN_UNGUARDED_AVAILABILITY = YES_AGGRESSIVE;
				CLANG_WARN_UNREACHABLE_CODE = YES;
				CLANG_WARN__DUPLICATE_METHOD_MATCH = YES;
				COPY_PHASE_STRIP = NO;
				DEBUG_INFORMATION_FORMAT = dwarf;
				DEVELOPMENT_TEAM = HMZ8D6S68M;
				ENABLE_STRICT_OBJC_MSGSEND = YES;
				ENABLE_TESTABILITY = YES;
				ENABLE_USER_SCRIPT_SANDBOXING = YES;
				GCC_C_LANGUAGE_STANDARD = gnu17;
				GCC_DYNAMIC_NO_PIC = NO;
				GCC_NO_COMMON_BLOCKS = YES;
				GCC_OPTIMIZATION_LEVEL = 0;
				GCC_PREPROCESSOR_DEFINITIONS = (
					"DEBUG=1",
					"$(inherited)",
				);
				GCC_WARN_64_TO_32_BIT_CONVERSION = YES;
				GCC_WARN_ABOUT_RETURN_TYPE = YES_ERROR;
				GCC_WARN_UNDECLARED_SELECTOR = YES;
				GCC_WARN_UNINITIALIZED_AUTOS = YES_AGGRESSIVE;
				GCC_WARN_UNUSED_FUNCTION = YES;
				GCC_WARN_UNUSED_VARIABLE = YES;
				IPHONEOS_DEPLOYMENT_TARGET = 26.2;
				LOCALIZATION_PREFERS_STRING_CATALOGS = YES;
				MTL_ENABLE_DEBUG_INFO = INCLUDE_SOURCE;
				MTL_FAST_MATH = YES;
				ONLY_ACTIVE_ARCH = YES;
				SDKROOT = iphoneos;
				SWIFT_ACTIVE_COMPILATION_CONDITIONS = "DEBUG $(inherited)";
				SWIFT_OPTIMIZATION_LEVEL = "-Onone";
			};
			name = Debug;
		};
		38D829682F32110C002465C2 /* Release */ = {
			isa = XCBuildConfiguration;
			buildSettings = {
				ALWAYS_SEARCH_USER_PATHS = NO;
				ASSETCATALOG_COMPILER_GENERATE_SWIFT_ASSET_SYMBOL_EXTENSIONS = YES;
				CLANG_ANALYZER_NONNULL = YES;
				CLANG_ANALYZER_NUMBER_OBJECT_CONVERSION = YES_AGGRESSIVE;
				CLANG_CXX_LANGUAGE_STANDARD = "gnu++20";
				CLANG_ENABLE_MODULES = YES;
				CLANG_ENABLE_OBJC_ARC = YES;
				CLANG_ENABLE_OBJC_WEAK = YES;
				CLANG_WARN_BLOCK_CAPTURE_AUTORELEASING = YES;
				CLANG_WARN_BOOL_CONVERSION = YES;
				CLANG_WARN_COMMA = YES;
				CLANG_WARN_CONSTANT_CONVERSION = YES;
				CLANG_WARN_DEPRECATED_OBJC_IMPLEMENTATIONS = YES;
				CLANG_WARN_DIRECT_OBJC_ISA_USAGE = YES_ERROR;
				CLANG_WARN_DOCUMENTATION_COMMENTS = YES;
				CLANG_WARN_EMPTY_BODY = YES;
				CLANG_WARN_ENUM_CONVERSION = YES;
				CLANG_WARN_INFINITE_RECURSION = YES;
				CLANG_WARN_INT_CONVERSION = YES;
				CLANG_WARN_NON_LITERAL_NULL_CONVERSION = YES;
				CLANG_WARN_OBJC_IMPLICIT_RETAIN_SELF = YES;
				CLANG_WARN_OBJC_LITERAL_CONVERSION = YES;
				CLANG_WARN_OBJC_ROOT_CLASS = YES_ERROR;
				CLANG_WARN_QUOTED_INCLUDE_IN_FRAMEWORK_HEADER = YES;
				CLANG_WARN_RANGE_LOOP_ANALYSIS = YES;
				CLANG_WARN_STRICT_PROTOTYPES = YES;
				CLANG_WARN_SUSPICIOUS_MOVE = YES;
				CLANG_WARN_UNGUARDED_AVAILABILITY = YES_AGGRESSIVE;
				CLANG_WARN_UNREACHABLE_CODE = YES;
				CLANG_WARN__DUPLICATE_METHOD_MATCH = YES;
				COPY_PHASE_STRIP = NO;
				DEBUG_INFORMATION_FORMAT = "dwarf-with-dsym";
				DEVELOPMENT_TEAM = HMZ8D6S68M;
				ENABLE_NS_ASSERTIONS = NO;
				ENABLE_STRICT_OBJC_MSGSEND = YES;
				ENABLE_USER_SCRIPT_SANDBOXING = YES;
				GCC_C_LANGUAGE_STANDARD = gnu17;
				GCC_NO_COMMON_BLOCKS = YES;
				GCC_WARN_64_TO_32_BIT_CONVERSION = YES;
				GCC_WARN_ABOUT_RETURN_TYPE = YES_ERROR;
				GCC_WARN_UNDECLARED_SELECTOR = YES;
				GCC_WARN_UNINITIALIZED_AUTOS = YES_AGGRESSIVE;
				GCC_WARN_UNUSED_FUNCTION = YES;
				GCC_WARN_UNUSED_VARIABLE = YES;
				IPHONEOS_DEPLOYMENT_TARGET = 26.2;
				LOCALIZATION_PREFERS_STRING_CATALOGS = YES;
				MTL_ENABLE_DEBUG_INFO = NO;
				MTL_FAST_MATH = YES;
				SDKROOT = iphoneos;
				SWIFT_COMPILATION_MODE = wholemodule;
				VALIDATE_PRODUCT = YES;
			};
			name = Release;
		};
		38D8296A2F32110C002465C2 /* Debug */ = {
			isa = XCBuildConfiguration;
			buildSettings = {
				BUNDLE_LOADER = "$(TEST_HOST)";
				CODE_SIGN_STYLE = Automatic;
				CURRENT_PROJECT_VERSION = 1;
				DEVELOPMENT_TEAM = HMZ8D6S68M;
				GENERATE_INFOPLIST_FILE = YES;
				IPHONEOS_DEPLOYMENT_TARGET = 15.0;
				MARKETING_VERSION = 1.0;
				PRODUCT_BUNDLE_IDENTIFIER = com.mehul.papacodes.BlockexTests;
				PRODUCT_NAME = "$(TARGET_NAME)";
				STRING_CATALOG_GENERATE_SYMBOLS = NO;
				SWIFT_APPROACHABLE_CONCURRENCY = YES;
				SWIFT_EMIT_LOC_STRINGS = NO;
				SWIFT_UPCOMING_FEATURE_MEMBER_IMPORT_VISIBILITY = YES;
				SWIFT_VERSION = 5.0;
				TARGETED_DEVICE_FAMILY = "1,2";
				TEST_HOST = "$(BUILT_PRODUCTS_DIR)/Blockex.app/$(BUNDLE_EXECUTABLE_FOLDER_PATH)/Blockex";
			};
			name = Debug;
		};
		38D8296B2F32110C002465C2 /* Release */ = {
			isa = XCBuildConfiguration;
			buildSettings = {
				BUNDLE_LOADER = "$(TEST_HOST)";
				CODE_SIGN_STYLE = Automatic;
				CURRENT_PROJECT_VERSION = 1;
				DEVELOPMENT_TEAM = HMZ8D6S68M;
				GENERATE_INFOPLIST_FILE = YES;
				IPHONEOS_DEPLOYMENT_TARGET = 15.0;
				MARKETING_VERSION = 1.0;
				PRODUCT_BUNDLE_IDENTIFIER = com.mehul.papacodes.BlockexTests;
				PRODUCT_NAME = "$(TARGET_NAME)";
				STRING_CATALOG_GENERATE_SYMBOLS = NO;
				SWIFT_APPROACHABLE_CONCURRENCY = YES;
				SWIFT_EMIT_LOC_STRINGS = NO;
				SWIFT_UPCOMING_FEATURE_MEMBER_IMPORT_VISIBILITY = YES;
				SWIFT_VERSION = 5.0;
				TARGETED_DEVICE_FAMILY = "1,2";
				TEST_HOST = "$(BUILT_PRODUCTS_DIR)/Blockex.app/$(BUNDLE_EXECUTABLE_FOLDER_PATH)/Blockex";
			};
			name = Release;
		};
		38D8296D2F32110C002465C2 /* Debug */ = {
			isa = XCBuildConfiguration;
			buildSettings = {
				CODE_SIGN_STYLE = Automatic;
				CURRENT_PROJECT_VERSION = 1;
				DEVELOPMENT_TEAM = HMZ8D6S68M;
				GENERATE_INFOPLIST_FILE = YES;
				MARKETING_VERSION = 1.0;
				PRODUCT_BUNDLE_IDENTIFIER = com.mehul.papacodes.BlockexUITests;
				PRODUCT_NAME = "$(TARGET_NAME)";
				STRING_CATALOG_GENERATE_SYMBOLS = NO;
				SWIFT_APPROACHABLE_CONCURRENCY = YES;
				SWIFT_EMIT_LOC_STRINGS = NO;
				SWIFT_UPCOMING_FEATURE_MEMBER_IMPORT_VISIBILITY = YES;
				SWIFT_VERSION = 5.0;
				TARGETED_DEVICE_FAMILY = "1,2";
				TEST_TARGET_NAME = Blockex;
			};
			name = Debug;
		};
		38D8296E2F32110C002465C2 /* Release */ = {
			isa = XCBuildConfiguration;
			buildSettings = {
				CODE_SIGN_STYLE = Automatic;
				CURRENT_PROJECT_VERSION = 1;
				DEVELOPMENT_TEAM = HMZ8D6S68M;
				GENERATE_INFOPLIST_FILE = YES;
				MARKETING_VERSION = 1.0;
				PRODUCT_BUNDLE_IDENTIFIER = com.mehul.papacodes.BlockexUITests;
				PRODUCT_NAME = "$(TARGET_NAME)";
				STRING_CATALOG_GENERATE_SYMBOLS = NO;
				SWIFT_APPROACHABLE_CONCURRENCY = YES;
				SWIFT_EMIT_LOC_STRINGS = NO;
				SWIFT_UPCOMING_FEATURE_MEMBER_IMPORT_VISIBILITY = YES;
				SWIFT_VERSION = 5.0;
				TARGETED_DEVICE_FAMILY = "1,2";
				TEST_TARGET_NAME = Blockex;
			};
			name = Release;
		};
/* End XCBuildConfiguration section */

/* Begin XCConfigurationList section */
		38D8290C2F32110B002465C2 /* Build configuration list for PBXProject "Blockex" */ = {
			isa = XCConfigurationList;
			buildConfigurations = (
				38D829672F32110C002465C2 /* Debug */,
				38D829682F32110C002465C2 /* Release */,
			);
			defaultConfigurationIsVisible = 0;
			defaultConfigurationName = Release;
		};
		38D8295F2F32110C002465C2 /* Build configuration list for PBXNativeTarget "Blockex Extension" */ = {
			isa = XCConfigurationList;
			buildConfigurations = (
				38D829602F32110C002465C2 /* Debug */,
				38D829612F32110C002465C2 /* Release */,
			);
			defaultConfigurationIsVisible = 0;
			defaultConfigurationName = Release;
		};
		38D829642F32110C002465C2 /* Build configuration list for PBXNativeTarget "Blockex" */ = {
			isa = XCConfigurationList;
			buildConfigurations = (
				38D829652F32110C002465C2 /* Debug */,
				38D829662F32110C002465C2 /* Release */,
			);
			defaultConfigurationIsVisible = 0;
			defaultConfigurationName = Release;
		};
		38D829692F32110C002465C2 /* Build configuration list for PBXNativeTarget "BlockexTests" */ = {
			isa = XCConfigurationList;
			buildConfigurations = (
				38D8296A2F32110C002465C2 /* Debug */,
				38D8296B2F32110C002465C2 /* Release */,
			);
			defaultConfigurationIsVisible = 0;
			defaultConfigurationName = Release;
		};
		38D8296C2F32110C002465C2 /* Build configuration list for PBXNativeTarget "BlockexUITests" */ = {
			isa = XCConfigurationList;
			buildConfigurations = (
				38D8296D2F32110C002465C2 /* Debug */,
				38D8296E2F32110C002465C2 /* Release */,
			);
			defaultConfigurationIsVisible = 0;
			defaultConfigurationName = Release;
		};
/* End XCConfigurationList section */
	};
	rootObject = 38D829092F32110B002465C2 /* Project object */;
}
